
Microsoft Visual Studio Solution File, Format Version 12.00
# Visual Studio Version 17
VisualStudioVersion = 17.0.31903.59
MinimumVisualStudioVersion = 10.0.40219.1
Project("{FAE04EC0-301F-11D3-BF4B-00C04F79EFBC}") = "DeepResearch.Core", "DeepResearch.Core\DeepResearch.Core.csproj", "{B267895B-6809-45AB-87C2-1F4EB58762CC}"
EndProject
Project("{FAE04EC0-301F-11D3-BF4B-00C04F79EFBC}") = "DeepResearch.Web", "DeepResearch.Web\DeepResearch.Web.csproj", "{82A61227-7556-432F-AC82-C31C85A9FC19}"
EndProject
Project("{FAE04EC0-301F-11D3-BF4B-00C04F79EFBC}") = "DeepResearch.Console", "DeepResearch.Console\DeepResearch.Console.csproj", "{FB777ED1-009A-476B-B578-429C06B34903}"
EndProject
Project("{FAE04EC0-301F-11D3-BF4B-00C04F79EFBC}") = "DeepResearch.Test", "DeepResearch.Test\DeepResearch.Test.csproj", "{1C25064D-469F-448E-BD22-04D6D0BAB82B}"
EndProject
Project("{FAE04EC0-301F-11D3-BF4B-00C04F79EFBC}") = "DeepResearch.SearchClient", "DeepResearch.SearchClient\DeepResearch.SearchClient.csproj", "{63C9E4C7-D883-4C15-955E-DAC876A49E99}"
EndProject
Project("{2150E333-8FDC-42A3-9474-1A3956D46DE8}") = "DurableFunctions", "DurableFunctions", "{DDB4EF12-CC4E-5E88-E6FC-71A802F4DE97}"
EndProject
Project("{FAE04EC0-301F-11D3-BF4B-00C04F79EFBC}") = "DeepResearch.DurableFunctions", "DurableFunctions\DeepResearch.DurableFunctions\DeepResearch.DurableFunctions.csproj", "{8D634A9D-E888-4C77-9995-4FACC6BCCDD8}"
EndProject
Project("{FAE04EC0-301F-11D3-BF4B-00C04F79EFBC}") = "DeepResearch.DurableFunctions.ServiceDefaults", "DurableFunctions\DeepResearch.DurableFunctions.ServiceDefaults\DeepResearch.DurableFunctions.ServiceDefaults.csproj", "{85F67FC1-CB9B-446D-9D92-E6403E228D17}"
EndProject
Project("{FAE04EC0-301F-11D3-BF4B-00C04F79EFBC}") = "DeepResearch.DurableFunctions.AppHost", "DurableFunctions\DeepResearch.DurableFunctions.AppHost\DeepResearch.DurableFunctions.AppHost.csproj", "{D3DD72FF-F52B-084D-E409-CFE42B0D16D5}"
EndProject
Project("{FAE04EC0-301F-11D3-BF4B-00C04F79EFBC}") = "DeepResearch.DurableFunctions.Web", "DurableFunctions\DeepResearch.DurableFunctions.Web\DeepResearch.DurableFunctions.Web.csproj", "{8335CB49-8B7E-AAF9-7F81-20D854EB4856}"
EndProject
Project("{FAE04EC0-301F-11D3-BF4B-00C04F79EFBC}") = "DeepResearch.DurableFunctions.Test", "DurableFunctions\DeepResearch.DurableFunctions.Test\DeepResearch.DurableFunctions.Test.csproj", "{362D9C74-90B2-442A-A7D8-5A9FC3F3353E}"
EndProject
Global
	GlobalSection(SolutionConfigurationPlatforms) = preSolution
		Debug|Any CPU = Debug|Any CPU
		Release|Any CPU = Release|Any CPU
	EndGlobalSection
	GlobalSection(ProjectConfigurationPlatforms) = postSolution
		{B267895B-6809-45AB-87C2-1F4EB58762CC}.Debug|Any CPU.ActiveCfg = Debug|Any CPU
		{B267895B-6809-45AB-87C2-1F4EB58762CC}.Debug|Any CPU.Build.0 = Debug|Any CPU
		{B267895B-6809-45AB-87C2-1F4EB58762CC}.Release|Any CPU.ActiveCfg = Release|Any CPU
		{B267895B-6809-45AB-87C2-1F4EB58762CC}.Release|Any CPU.Build.0 = Release|Any CPU
		{82A61227-7556-432F-AC82-C31C85A9FC19}.Debug|Any CPU.ActiveCfg = Debug|Any CPU
		{82A61227-7556-432F-AC82-C31C85A9FC19}.Debug|Any CPU.Build.0 = Debug|Any CPU
		{82A61227-7556-432F-AC82-C31C85A9FC19}.Release|Any CPU.ActiveCfg = Release|Any CPU
		{82A61227-7556-432F-AC82-C31C85A9FC19}.Release|Any CPU.Build.0 = Release|Any CPU
		{FB777ED1-009A-476B-B578-429C06B34903}.Debug|Any CPU.ActiveCfg = Debug|Any CPU
		{FB777ED1-009A-476B-B578-429C06B34903}.Debug|Any CPU.Build.0 = Debug|Any CPU
		{FB777ED1-009A-476B-B578-429C06B34903}.Release|Any CPU.ActiveCfg = Release|Any CPU
		{FB777ED1-009A-476B-B578-429C06B34903}.Release|Any CPU.Build.0 = Release|Any CPU
		{1C25064D-469F-448E-BD22-04D6D0BAB82B}.Debug|Any CPU.ActiveCfg = Debug|Any CPU
		{1C25064D-469F-448E-BD22-04D6D0BAB82B}.Debug|Any CPU.Build.0 = Debug|Any CPU
		{1C25064D-469F-448E-BD22-04D6D0BAB82B}.Release|Any CPU.ActiveCfg = Release|Any CPU
		{1C25064D-469F-448E-BD22-04D6D0BAB82B}.Release|Any CPU.Build.0 = Release|Any CPU
		{63C9E4C7-D883-4C15-955E-DAC876A49E99}.Debug|Any CPU.ActiveCfg = Debug|Any CPU
		{63C9E4C7-D883-4C15-955E-DAC876A49E99}.Debug|Any CPU.Build.0 = Debug|Any CPU
		{63C9E4C7-D883-4C15-955E-DAC876A49E99}.Release|Any CPU.ActiveCfg = Release|Any CPU
		{63C9E4C7-D883-4C15-955E-DAC876A49E99}.Release|Any CPU.Build.0 = Release|Any CPU
		{8D634A9D-E888-4C77-9995-4FACC6BCCDD8}.Debug|Any CPU.ActiveCfg = Debug|Any CPU
		{8D634A9D-E888-4C77-9995-4FACC6BCCDD8}.Debug|Any CPU.Build.0 = Debug|Any CPU
		{8D634A9D-E888-4C77-9995-4FACC6BCCDD8}.Release|Any CPU.ActiveCfg = Release|Any CPU
		{8D634A9D-E888-4C77-9995-4FACC6BCCDD8}.Release|Any CPU.Build.0 = Release|Any CPU
		{85F67FC1-CB9B-446D-9D92-E6403E228D17}.Debug|Any CPU.ActiveCfg = Debug|Any CPU
		{85F67FC1-CB9B-446D-9D92-E6403E228D17}.Debug|Any CPU.Build.0 = Debug|Any CPU
		{85F67FC1-CB9B-446D-9D92-E6403E228D17}.Release|Any CPU.ActiveCfg = Release|Any CPU
		{85F67FC1-CB9B-446D-9D92-E6403E228D17}.Release|Any CPU.Build.0 = Release|Any CPU
		{D3DD72FF-F52B-084D-E409-CFE42B0D16D5}.Debug|Any CPU.ActiveCfg = Debug|Any CPU
		{D3DD72FF-F52B-084D-E409-CFE42B0D16D5}.Debug|Any CPU.Build.0 = Debug|Any CPU
		{D3DD72FF-F52B-084D-E409-CFE42B0D16D5}.Release|Any CPU.ActiveCfg = Release|Any CPU
		{D3DD72FF-F52B-084D-E409-CFE42B0D16D5}.Release|Any CPU.Build.0 = Release|Any CPU
		{8335CB49-8B7E-AAF9-7F81-20D854EB4856}.Debug|Any CPU.ActiveCfg = Debug|Any CPU
		{8335CB49-8B7E-AAF9-7F81-20D854EB4856}.Debug|Any CPU.Build.0 = Debug|Any CPU
		{8335CB49-8B7E-AAF9-7F81-20D854EB4856}.Release|Any CPU.ActiveCfg = Release|Any CPU
		{8335CB49-8B7E-AAF9-7F81-20D854EB4856}.Release|Any CPU.Build.0 = Release|Any CPU
		{362D9C74-90B2-442A-A7D8-5A9FC3F3353E}.Debug|Any CPU.ActiveCfg = Debug|Any CPU
		{362D9C74-90B2-442A-A7D8-5A9FC3F3353E}.Debug|Any CPU.Build.0 = Debug|Any CPU
		{362D9C74-90B2-442A-A7D8-5A9FC3F3353E}.Release|Any CPU.ActiveCfg = Release|Any CPU
		{362D9C74-90B2-442A-A7D8-5A9FC3F3353E}.Release|Any CPU.Build.0 = Release|Any CPU
	EndGlobalSection
	GlobalSection(SolutionProperties) = preSolution
		HideSolutionNode = FALSE
	EndGlobalSection
	GlobalSection(NestedProjects) = preSolution
		{8D634A9D-E888-4C77-9995-4FACC6BCCDD8} = {DDB4EF12-CC4E-5E88-E6FC-71A802F4DE97}
		{85F67FC1-CB9B-446D-9D92-E6403E228D17} = {DDB4EF12-CC4E-5E88-E6FC-71A802F4DE97}
		{D3DD72FF-F52B-084D-E409-CFE42B0D16D5} = {DDB4EF12-CC4E-5E88-E6FC-71A802F4DE97}
		{8335CB49-8B7E-AAF9-7F81-20D854EB4856} = {DDB4EF12-CC4E-5E88-E6FC-71A802F4DE97}
		{362D9C74-90B2-442A-A7D8-5A9FC3F3353E} = {DDB4EF12-CC4E-5E88-E6FC-71A802F4DE97}
	EndGlobalSection
	GlobalSection(ExtensibilityGlobals) = postSolution
		SolutionGuid = {D75B0AAB-498C-4295-8CB5-47FAF74B587E}
	EndGlobalSection
EndGlobal
